{
  "name": "thaqalayn-index-generator",
  "version": "2.0.0",
  "lockfileVersion": 3,
  "requires": true,
  "packages": {
    "": {
      "name": "thaqalayn-index-generator",
      "version": "2.0.0",
      "license": "MIT",
      "dependencies": {
        "@orama/orama": "^3.1.5",
        "@orama/plugin-data-persistence": "^3.1.5",
        "flexsearch": "^0.7.43"
      }
    },
    "node_modules/@msgpack/msgpack": {
      "version": "3.1.3",
      "resolved": "https://registry.npmjs.org/@msgpack/msgpack/-/msgpack-3.1.3.tgz",
      "integrity": "sha512-47XIizs9XZXvuJgoaJUIE2lFoID8ugvc0jzSHP+Ptfk8nTbnR8g788wv48N03Kx0UkAv559HWRQ3yzOgzlRNUA==",
      "license": "ISC",
      "engines": {
        "node": ">= 18"
      }
    },
    "node_modules/@orama/orama": {
      "version": "3.1.18",
      "resolved": "https://registry.npmjs.org/@orama/orama/-/orama-3.1.18.tgz",
      "integrity": "sha512-a61ljmRVVyG5MC/698C8/FfFDw5a8LOIvyOLW5fztgUXqUpc1jOfQzOitSCbge657OgXXThmY3Tk8fpiDb4UcA==",
      "license": "Apache-2.0",
      "engines": {
        "node": ">= 20.0.0"
      }
    },
    "node_modules/@orama/plugin-data-persistence": {
      "version": "3.1.18",
      "resolved": "https://registry.npmjs.org/@orama/plugin-data-persistence/-/plugin-data-persistence-3.1.18.tgz",
      "integrity": "sha512-pfBbpK96VRW/7IkdMHn2HaW3/+4k2C9Uwyup0IONNuz5bG3L1orCNFZPBmu+zcokOU2YH+IAVuQz6MlvqOe3iw==",
      "license": "Apache-2.0",
      "dependencies": {
        "@msgpack/msgpack": "^3.1.2",
        "@orama/orama": "3.1.18",
        "dpack": "^0.6.22",
        "seqproto": "^0.2.3"
      }
    },
    "node_modules/dpack": {
      "version": "0.6.22",
      "resolved": "https://registry.npmjs.org/dpack/-/dpack-0.6.22.tgz",
      "integrity": "sha512-WGPNlW2OAE7Bj0eODMpAHUcEqxrlg01e9OFZDxQodminIgC194/cRHT7K04Z1j7AUEWTeeplYGrIv/xRdwU9Hg==",
      "license": "MIT"
    },
    "node_modules/flexsearch": {
      "version": "0.7.43",
      "resolved": "https://registry.npmjs.org/flexsearch/-/flexsearch-0.7.43.tgz",
      "integrity": "sha512-c5o/+Um8aqCSOXGcZoqZOm+NqtVwNsvVpWv6lfmSclU954O3wvQKxxK8zj74fPaSJbXpSLTs4PRhh+wnoCXnKg=="
    },
    "node_modules/seqproto": {
      "version": "0.2.3",
      "resolved": "https://registry.npmjs.org/seqproto/-/seqproto-0.2.3.tgz",
      "integrity": "sha512-HpNyPYl7DJa2a6XQJ+MJAc6ft6Y9ZU+zRiuvTHFpLPeqvapcTAGFJyhMEIN7Y7VXhWT6NEdNVhbXFHwtaCOfCw==",
      "license": "Apache-2.0",
      "engines": {
        "node": ">= 20.0.0"
      }
    }
  }
}
